
Microsoft Visual Studio Solution File, Format Version 12.00
# Visual Studio 2013
VisualStudioVersion = 12.0.21005.1
MinimumVisualStudioVersion = 10.0.40219.1
Project("{8BC9CEB8-8B4A-11D0-8D11-00A0C91BC942}") = "train station", "train station\train station.vcxproj", "{BC2C4D61-BFA1-4C36-9761-E3A2D3F68AB6}"
EndProject
Project("{8BC9CEB8-8B4A-11D0-8D11-00A0C91BC942}") = "ConsoleApplication1", "ConsoleApplication1\ConsoleApplication1.vcxproj", "{8DB68DEF-7AF9-47C7-9AAB-577B2482EFA4}"
EndProject
Global
	GlobalSection(SolutionConfigurationPlatforms) = preSolution
		Debug|Win32 = Debug|Win32
		Release|Win32 = Release|Win32
	EndGlobalSection
	GlobalSection(ProjectConfigurationPlatforms) = postSolution
		{BC2C4D61-BFA1-4C36-9761-E3A2D3F68AB6}.Debug|Win32.ActiveCfg = Debug|Win32
		{BC2C4D61-BFA1-4C36-9761-E3A2D3F68AB6}.Debug|Win32.Build.0 = Debug|Win32
		{BC2C4D61-BFA1-4C36-9761-E3A2D3F68AB6}.Release|Win32.ActiveCfg = Release|Win32
		{BC2C4D61-BFA1-4C36-9761-E3A2D3F68AB6}.Release|Win32.Build.0 = Release|Win32
		{8DB68DEF-7AF9-47C7-9AAB-577B2482EFA4}.Debug|Win32.ActiveCfg = Debug|Win32
		{8DB68DEF-7AF9-47C7-9AAB-577B2482EFA4}.Debug|Win32.Build.0 = Debug|Win32
		{8DB68DEF-7AF9-47C7-9AAB-577B2482EFA4}.Release|Win32.ActiveCfg = Release|Win32
		{8DB68DEF-7AF9-47C7-9AAB-577B2482EFA4}.Release|Win32.Build.0 = Release|Win32
	EndGlobalSection
	GlobalSection(SolutionProperties) = preSolution
		HideSolutionNode = FALSE
	EndGlobalSection
EndGlobal
